// !$*UTF8*$!
{
	archiveVersion = 1;
	classes = {
	};
	objectVersion = 50;
	objects = {

/* Begin PBXBuildFile section */
		E380F24A2331806400640547 /* Vimari.entitlements in Resources */ = {isa = PBXBuildFile; fileRef = E380F2492331806400640547 /* Vimari.entitlements */; };
		E380F24C2331806400640547 /* AppDelegate.swift in Sources */ = {isa = PBXBuildFile; fileRef = E380F24B2331806400640547 /* AppDelegate.swift */; };
		E380F24F2331806400640547 /* Main.storyboard in Resources */ = {isa = PBXBuildFile; fileRef = E380F24D2331806400640547 /* Main.storyboard */; };
		E380F2512331806400640547 /* ViewController.swift in Sources */ = {isa = PBXBuildFile; fileRef = E380F2502331806400640547 /* ViewController.swift */; };
		E380F2532331806500640547 /* Assets.xcassets in Resources */ = {isa = PBXBuildFile; fileRef = E380F2522331806500640547 /* Assets.xcassets */; };
		E380F25A2331806500640547 /* Vimari Extension.appex in Embed App Extensions */ = {isa = PBXBuildFile; fileRef = E380F2592331806500640547 /* Vimari Extension.appex */; settings = {ATTRIBUTES = (RemoveHeadersOnCopy, ); }; };
		E380F25F2331806500640547 /* Cocoa.framework in Frameworks */ = {isa = PBXBuildFile; fileRef = E380F25E2331806500640547 /* Cocoa.framework */; };
		E380F2622331806500640547 /* SafariExtensionHandler.swift in Sources */ = {isa = PBXBuildFile; fileRef = E380F2612331806500640547 /* SafariExtensionHandler.swift */; };
		E380F2642331806500640547 /* SafariExtensionViewController.swift in Sources */ = {isa = PBXBuildFile; fileRef = E380F2632331806500640547 /* SafariExtensionViewController.swift */; };
		E380F2672331806500640547 /* SafariExtensionViewController.xib in Resources */ = {isa = PBXBuildFile; fileRef = E380F2652331806500640547 /* SafariExtensionViewController.xib */; };
		E380F26C2331806500640547 /* ToolbarItemIcon.pdf in Resources */ = {isa = PBXBuildFile; fileRef = E380F26B2331806500640547 /* ToolbarItemIcon.pdf */; };
		E380F283233183EF00640547 /* link-hints.js in Resources */ = {isa = PBXBuildFile; fileRef = E380F278233183EE00640547 /* link-hints.js */; };
		E380F284233183EF00640547 /* global.js in Resources */ = {isa = PBXBuildFile; fileRef = E380F279233183EE00640547 /* global.js */; };
		E380F285233183EF00640547 /* injected.js in Resources */ = {isa = PBXBuildFile; fileRef = E380F27A233183EE00640547 /* injected.js */; };
		E380F286233183EF00640547 /* mocks.js in Resources */ = {isa = PBXBuildFile; fileRef = E380F27B233183EE00640547 /* mocks.js */; };
		E380F287233183EF00640547 /* keyboard-utils.js in Resources */ = {isa = PBXBuildFile; fileRef = E380F27C233183EE00640547 /* keyboard-utils.js */; };
		E380F288233183EF00640547 /* mousetrap.js in Resources */ = {isa = PBXBuildFile; fileRef = E380F27E233183EE00640547 /* mousetrap.js */; };
		E380F289233183EF00640547 /* vimium-scripts.js in Resources */ = {isa = PBXBuildFile; fileRef = E380F27F233183EE00640547 /* vimium-scripts.js */; };
		E380F28A233183EF00640547 /* settings.js in Resources */ = {isa = PBXBuildFile; fileRef = E380F280233183EE00640547 /* settings.js */; };
		E380F28B233183EF00640547 /* injected.css in Resources */ = {isa = PBXBuildFile; fileRef = E380F282233183EE00640547 /* injected.css */; };
/* End PBXBuildFile section */

/* Begin PBXContainerItemProxy section */
		E380F25B2331806500640547 /* PBXContainerItemProxy */ = {
			isa = PBXContainerItemProxy;
			containerPortal = E380F23E2331806400640547 /* Project object */;
			proxyType = 1;
			remoteGlobalIDString = E380F2582331806500640547;
			remoteInfo = "Vimari Extension";
		};
/* End PBXContainerItemProxy section */

/* Begin PBXCopyFilesBuildPhase section */
		E380F2732331806500640547 /* Embed App Extensions */ = {
			isa = PBXCopyFilesBuildPhase;
			buildActionMask = 2147483647;
			dstPath = "";
			dstSubfolderSpec = 13;
			files = (
				E380F25A2331806500640547 /* Vimari Extension.appex in Embed App Extensions */,
			);
			name = "Embed App Extensions";
			runOnlyForDeploymentPostprocessing = 0;
		};
/* End PBXCopyFilesBuildPhase section */

/* Begin PBXFileReference section */
		E380F2462331806400640547 /* Vimari.app */ = {isa = PBXFileReference; explicitFileType = wrapper.application; includeInIndex = 0; path = Vimari.app; sourceTree = BUILT_PRODUCTS_DIR; };
		E380F2492331806400640547 /* Vimari.entitlements */ = {isa = PBXFileReference; lastKnownFileType = text.plist.entitlements; path = Vimari.entitlements; sourceTree = "<group>"; };
		E380F24B2331806400640547 /* AppDelegate.swift */ = {isa = PBXFileReference; lastKnownFileType = sourcecode.swift; path = AppDelegate.swift; sourceTree = "<group>"; };
		E380F24E2331806400640547 /* Base */ = {isa = PBXFileReference; lastKnownFileType = file.storyboard; name = Base; path = Base.lproj/Main.storyboard; sourceTree = "<group>"; };
		E380F2502331806400640547 /* ViewController.swift */ = {isa = PBXFileReference; lastKnownFileType = sourcecode.swift; path = ViewController.swift; sourceTree = "<group>"; };
		E380F2522331806500640547 /* Assets.xcassets */ = {isa = PBXFileReference; lastKnownFileType = folder.assetcatalog; path = Assets.xcassets; sourceTree = "<group>"; };
		E380F2542331806500640547 /* Info.plist */ = {isa = PBXFileReference; lastKnownFileType = text.plist.xml; path = Info.plist; sourceTree = "<group>"; };
		E380F2592331806500640547 /* Vimari Extension.appex */ = {isa = PBXFileReference; explicitFileType = "wrapper.app-extension"; includeInIndex = 0; path = "Vimari Extension.appex"; sourceTree = BUILT_PRODUCTS_DIR; };
		E380F25E2331806500640547 /* Cocoa.framework */ = {isa = PBXFileReference; lastKnownFileType = wrapper.framework; name = Cocoa.framework; path = System/Library/Frameworks/Cocoa.framework; sourceTree = SDKROOT; };
		E380F2612331806500640547 /* SafariExtensionHandler.swift */ = {isa = PBXFileReference; lastKnownFileType = sourcecode.swift; path = SafariExtensionHandler.swift; sourceTree = "<group>"; };
		E380F2632331806500640547 /* SafariExtensionViewController.swift */ = {isa = PBXFileReference; lastKnownFileType = sourcecode.swift; path = SafariExtensionViewController.swift; sourceTree = "<group>"; };
		E380F2662331806500640547 /* Base */ = {isa = PBXFileReference; lastKnownFileType = file.xib; name = Base; path = Base.lproj/SafariExtensionViewController.xib; sourceTree = "<group>"; };
		E380F2682331806500640547 /* Info.plist */ = {isa = PBXFileReference; lastKnownFileType = text.plist.xml; path = Info.plist; sourceTree = "<group>"; };
		E380F26B2331806500640547 /* ToolbarItemIcon.pdf */ = {isa = PBXFileReference; lastKnownFileType = image.pdf; path = ToolbarItemIcon.pdf; sourceTree = "<group>"; };
		E380F26D2331806500640547 /* Vimari_Extension.entitlements */ = {isa = PBXFileReference; lastKnownFileType = text.plist.entitlements; path = Vimari_Extension.entitlements; sourceTree = "<group>"; };
		E380F278233183EE00640547 /* link-hints.js */ = {isa = PBXFileReference; fileEncoding = 4; lastKnownFileType = sourcecode.javascript; path = "link-hints.js"; sourceTree = "<group>"; };
		E380F279233183EE00640547 /* global.js */ = {isa = PBXFileReference; fileEncoding = 4; lastKnownFileType = sourcecode.javascript; path = global.js; sourceTree = "<group>"; };
		E380F27A233183EE00640547 /* injected.js */ = {isa = PBXFileReference; fileEncoding = 4; lastKnownFileType = sourcecode.javascript; path = injected.js; sourceTree = "<group>"; };
		E380F27B233183EE00640547 /* mocks.js */ = {isa = PBXFileReference; fileEncoding = 4; lastKnownFileType = sourcecode.javascript; path = mocks.js; sourceTree = "<group>"; };
		E380F27C233183EE00640547 /* keyboard-utils.js */ = {isa = PBXFileReference; fileEncoding = 4; lastKnownFileType = sourcecode.javascript; path = "keyboard-utils.js"; sourceTree = "<group>"; };
		E380F27E233183EE00640547 /* mousetrap.js */ = {isa = PBXFileReference; fileEncoding = 4; lastKnownFileType = sourcecode.javascript; path = mousetrap.js; sourceTree = "<group>"; };
		E380F27F233183EE00640547 /* vimium-scripts.js */ = {isa = PBXFileReference; fileEncoding = 4; lastKnownFileType = sourcecode.javascript; path = "vimium-scripts.js"; sourceTree = "<group>"; };
		E380F280233183EE00640547 /* settings.js */ = {isa = PBXFileReference; fileEncoding = 4; lastKnownFileType = sourcecode.javascript; path = settings.js; sourceTree = "<group>"; };
		E380F282233183EE00640547 /* injected.css */ = {isa = PBXFileReference; fileEncoding = 4; lastKnownFileType = text.css; path = injected.css; sourceTree = "<group>"; };
/* End PBXFileReference section */

/* Begin PBXFrameworksBuildPhase section */
		E380F2432331806400640547 /* Frameworks */ = {
			isa = PBXFrameworksBuildPhase;
			buildActionMask = 2147483647;
			files = (
			);
			runOnlyForDeploymentPostprocessing = 0;
		};
		E380F2562331806500640547 /* Frameworks */ = {
			isa = PBXFrameworksBuildPhase;
			buildActionMask = 2147483647;
			files = (
				E380F25F2331806500640547 /* Cocoa.framework in Frameworks */,
			);
			runOnlyForDeploymentPostprocessing = 0;
		};
/* End PBXFrameworksBuildPhase section */

/* Begin PBXGroup section */
		E380F23D2331806300640547 = {
			isa = PBXGroup;
			children = (
				E380F2482331806400640547 /* Vimari */,
				E380F2602331806500640547 /* Vimari Extension */,
				E380F25D2331806500640547 /* Frameworks */,
				E380F2472331806400640547 /* Products */,
			);
			sourceTree = "<group>";
		};
		E380F2472331806400640547 /* Products */ = {
			isa = PBXGroup;
			children = (
				E380F2462331806400640547 /* Vimari.app */,
				E380F2592331806500640547 /* Vimari Extension.appex */,
			);
			name = Products;
			sourceTree = "<group>";
		};
		E380F2482331806400640547 /* Vimari */ = {
			isa = PBXGroup;
			children = (
				E380F2492331806400640547 /* Vimari.entitlements */,
				E380F24B2331806400640547 /* AppDelegate.swift */,
				E380F24D2331806400640547 /* Main.storyboard */,
				E380F2502331806400640547 /* ViewController.swift */,
				E380F2522331806500640547 /* Assets.xcassets */,
				E380F2542331806500640547 /* Info.plist */,
			);
			path = Vimari;
			sourceTree = "<group>";
		};
		E380F25D2331806500640547 /* Frameworks */ = {
			isa = PBXGroup;
			children = (
				E380F25E2331806500640547 /* Cocoa.framework */,
			);
			name = Frameworks;
			sourceTree = "<group>";
		};
		E380F2602331806500640547 /* Vimari Extension */ = {
			isa = PBXGroup;
			children = (
				E380F2612331806500640547 /* SafariExtensionHandler.swift */,
				E380F2632331806500640547 /* SafariExtensionViewController.swift */,
				E380F2652331806500640547 /* SafariExtensionViewController.xib */,
				E380F281233183EE00640547 /* css */,
				E380F277233183EE00640547 /* js */,
				E380F2682331806500640547 /* Info.plist */,
				E380F26B2331806500640547 /* ToolbarItemIcon.pdf */,
				E380F26D2331806500640547 /* Vimari_Extension.entitlements */,
			);
			path = "Vimari Extension";
			sourceTree = "<group>";
		};
		E380F277233183EE00640547 /* js */ = {
			isa = PBXGroup;
			children = (
				E380F278233183EE00640547 /* link-hints.js */,
				E380F279233183EE00640547 /* global.js */,
				E380F27A233183EE00640547 /* injected.js */,
				E380F27B233183EE00640547 /* mocks.js */,
				E380F27C233183EE00640547 /* keyboard-utils.js */,
				E380F27D233183EE00640547 /* lib */,
				E380F280233183EE00640547 /* settings.js */,
			);
			path = js;
			sourceTree = "<group>";
		};
		E380F27D233183EE00640547 /* lib */ = {
			isa = PBXGroup;
			children = (
				E380F27E233183EE00640547 /* mousetrap.js */,
				E380F27F233183EE00640547 /* vimium-scripts.js */,
			);
			path = lib;
			sourceTree = "<group>";
		};
		E380F281233183EE00640547 /* css */ = {
			isa = PBXGroup;
			children = (
				E380F282233183EE00640547 /* injected.css */,
			);
			path = css;
			sourceTree = "<group>";
		};
/* End PBXGroup section */

/* Begin PBXNativeTarget section */
		E380F2452331806400640547 /* Vimari */ = {
			isa = PBXNativeTarget;
			buildConfigurationList = E380F2742331806500640547 /* Build configuration list for PBXNativeTarget "Vimari" */;
			buildPhases = (
				E380F2422331806400640547 /* Sources */,
				E380F2432331806400640547 /* Frameworks */,
				E380F2442331806400640547 /* Resources */,
				E380F2732331806500640547 /* Embed App Extensions */,
			);
			buildRules = (
			);
			dependencies = (
				E380F25C2331806500640547 /* PBXTargetDependency */,
			);
			name = Vimari;
			productName = Vimari;
			productReference = E380F2462331806400640547 /* Vimari.app */;
			productType = "com.apple.product-type.application";
		};
		E380F2582331806500640547 /* Vimari Extension */ = {
			isa = PBXNativeTarget;
			buildConfigurationList = E380F2702331806500640547 /* Build configuration list for PBXNativeTarget "Vimari Extension" */;
			buildPhases = (
				E380F2552331806500640547 /* Sources */,
				E380F2562331806500640547 /* Frameworks */,
				E380F2572331806500640547 /* Resources */,
			);
			buildRules = (
			);
			dependencies = (
			);
			name = "Vimari Extension";
			productName = "Vimari Extension";
			productReference = E380F2592331806500640547 /* Vimari Extension.appex */;
			productType = "com.apple.product-type.app-extension";
		};
/* End PBXNativeTarget section */

/* Begin PBXProject section */
		E380F23E2331806400640547 /* Project object */ = {
			isa = PBXProject;
			attributes = {
				LastSwiftUpdateCheck = 1100;
				LastUpgradeCheck = 1100;
				ORGANIZATIONNAME = net.televator;
				TargetAttributes = {
					E380F2452331806400640547 = {
						CreatedOnToolsVersion = 11.0;
					};
					E380F2582331806500640547 = {
						CreatedOnToolsVersion = 11.0;
					};
				};
			};
			buildConfigurationList = E380F2412331806400640547 /* Build configuration list for PBXProject "Vimari" */;
			compatibilityVersion = "Xcode 9.3";
			developmentRegion = en;
			hasScannedForEncodings = 0;
			knownRegions = (
				en,
				Base,
			);
			mainGroup = E380F23D2331806300640547;
			productRefGroup = E380F2472331806400640547 /* Products */;
			projectDirPath = "";
			projectRoot = "";
			targets = (
				E380F2452331806400640547 /* Vimari */,
				E380F2582331806500640547 /* Vimari Extension */,
			);
		};
/* End PBXProject section */

/* Begin PBXResourcesBuildPhase section */
		E380F2442331806400640547 /* Resources */ = {
			isa = PBXResourcesBuildPhase;
			buildActionMask = 2147483647;
			files = (
				E380F24A2331806400640547 /* Vimari.entitlements in Resources */,
				E380F2532331806500640547 /* Assets.xcassets in Resources */,
				E380F24F2331806400640547 /* Main.storyboard in Resources */,
			);
			runOnlyForDeploymentPostprocessing = 0;
		};
		E380F2572331806500640547 /* Resources */ = {
			isa = PBXResourcesBuildPhase;
			buildActionMask = 2147483647;
			files = (
				E380F26C2331806500640547 /* ToolbarItemIcon.pdf in Resources */,
				E380F28A233183EF00640547 /* settings.js in Resources */,
				E380F28B233183EF00640547 /* injected.css in Resources */,
				E380F285233183EF00640547 /* injected.js in Resources */,
				E380F287233183EF00640547 /* keyboard-utils.js in Resources */,
				E380F284233183EF00640547 /* global.js in Resources */,
				E380F289233183EF00640547 /* vimium-scripts.js in Resources */,
				E380F2672331806500640547 /* SafariExtensionViewController.xib in Resources */,
				E380F286233183EF00640547 /* mocks.js in Resources */,
				E380F283233183EF00640547 /* link-hints.js in Resources */,
				E380F288233183EF00640547 /* mousetrap.js in Resources */,
			);
			runOnlyForDeploymentPostprocessing = 0;
		};
/* End PBXResourcesBuildPhase section */

/* Begin PBXSourcesBuildPhase section */
		E380F2422331806400640547 /* Sources */ = {
			isa = PBXSourcesBuildPhase;
			buildActionMask = 2147483647;
			files = (
				E380F2512331806400640547 /* ViewController.swift in Sources */,
				E380F24C2331806400640547 /* AppDelegate.swift in Sources */,
			);
			runOnlyForDeploymentPostprocessing = 0;
		};
		E380F2552331806500640547 /* Sources */ = {
			isa = PBXSourcesBuildPhase;
			buildActionMask = 2147483647;
			files = (
				E380F2642331806500640547 /* SafariExtensionViewController.swift in Sources */,
				E380F2622331806500640547 /* SafariExtensionHandler.swift in Sources */,
			);
			runOnlyForDeploymentPostprocessing = 0;
		};
/* End PBXSourcesBuildPhase section */

/* Begin PBXTargetDependency section */
		E380F25C2331806500640547 /* PBXTargetDependency */ = {
			isa = PBXTargetDependency;
			target = E380F2582331806500640547 /* Vimari Extension */;
			targetProxy = E380F25B2331806500640547 /* PBXContainerItemProxy */;
		};
/* End PBXTargetDependency section */

/* Begin PBXVariantGroup section */
		E380F24D2331806400640547 /* Main.storyboard */ = {
			isa = PBXVariantGroup;
			children = (
				E380F24E2331806400640547 /* Base */,
			);
			name = Main.storyboard;
			sourceTree = "<group>";
		};
		E380F2652331806500640547 /* SafariExtensionViewController.xib */ = {
			isa = PBXVariantGroup;
			children = (
				E380F2662331806500640547 /* Base */,
			);
			name = SafariExtensionViewController.xib;
			sourceTree = "<group>";
		};
/* End PBXVariantGroup section */

/* Begin XCBuildConfiguration section */
		E380F26E2331806500640547 /* Debug */ = {
			isa = XCBuildConfiguration;
			buildSettings = {
				ALWAYS_SEARCH_USER_PATHS = NO;
				CLANG_ANALYZER_NONNULL = YES;
				CLANG_ANALYZER_NUMBER_OBJECT_CONVERSION = YES_AGGRESSIVE;
				CLANG_CXX_LANGUAGE_STANDARD = "gnu++14";
				CLANG_CXX_LIBRARY = "libc++";
				CLANG_ENABLE_MODULES = YES;
				CLANG_ENABLE_OBJC_ARC = YES;
				CLANG_ENABLE_OBJC_WEAK = YES;
				CLANG_WARN_BLOCK_CAPTURE_AUTORELEASING = YES;
				CLANG_WARN_BOOL_CONVERSION = YES;
				CLANG_WARN_COMMA = YES;
				CLANG_WARN_CONSTANT_CONVERSION = YES;
				CLANG_WARN_DEPRECATED_OBJC_IMPLEMENTATIONS = YES;
				CLANG_WARN_DIRECT_OBJC_ISA_USAGE = YES_ERROR;
				CLANG_WARN_DOCUMENTATION_COMMENTS = YES;
				CLANG_WARN_EMPTY_BODY = YES;
				CLANG_WARN_ENUM_CONVERSION = YES;
				CLANG_WARN_INFINITE_RECURSION = YES;
				CLANG_WARN_INT_CONVERSION = YES;
				CLANG_WARN_NON_LITERAL_NULL_CONVERSION = YES;
				CLANG_WARN_OBJC_IMPLICIT_RETAIN_SELF = YES;
				CLANG_WARN_OBJC_LITERAL_CONVERSION = YES;
				CLANG_WARN_OBJC_ROOT_CLASS = YES_ERROR;
				CLANG_WARN_RANGE_LOOP_ANALYSIS = YES;
				CLANG_WARN_STRICT_PROTOTYPES = YES;
				CLANG_WARN_SUSPICIOUS_MOVE = YES;
				CLANG_WARN_UNGUARDED_AVAILABILITY = YES_AGGRESSIVE;
				CLANG_WARN_UNREACHABLE_CODE = YES;
				CLANG_WARN__DUPLICATE_METHOD_MATCH = YES;
				COPY_PHASE_STRIP = NO;
				DEBUG_INFORMATION_FORMAT = dwarf;
				ENABLE_STRICT_OBJC_MSGSEND = YES;
				ENABLE_TESTABILITY = YES;
				GCC_C_LANGUAGE_STANDARD = gnu11;
				GCC_DYNAMIC_NO_PIC = NO;
				GCC_NO_COMMON_BLOCKS = YES;
				GCC_OPTIMIZATION_LEVEL = 0;
				GCC_PREPROCESSOR_DEFINITIONS = (
					"DEBUG=1",
					"$(inherited)",
				);
				GCC_WARN_64_TO_32_BIT_CONVERSION = YES;
				GCC_WARN_ABOUT_RETURN_TYPE = YES_ERROR;
				GCC_WARN_UNDECLARED_SELECTOR = YES;
				GCC_WARN_UNINITIALIZED_AUTOS = YES_AGGRESSIVE;
				GCC_WARN_UNUSED_FUNCTION = YES;
				GCC_WARN_UNUSED_VARIABLE = YES;
				MACOSX_DEPLOYMENT_TARGET = 10.12;
				MTL_ENABLE_DEBUG_INFO = INCLUDE_SOURCE;
				MTL_FAST_MATH = YES;
				ONLY_ACTIVE_ARCH = YES;
				SDKROOT = macosx;
				SWIFT_ACTIVE_COMPILATION_CONDITIONS = DEBUG;
				SWIFT_OPTIMIZATION_LEVEL = "-Onone";
			};
			name = Debug;
		};
		E380F26F2331806500640547 /* Release */ = {
			isa = XCBuildConfiguration;
			buildSettings = {
				ALWAYS_SEARCH_USER_PATHS = NO;
				CLANG_ANALYZER_NONNULL = YES;
				CLANG_ANALYZER_NUMBER_OBJECT_CONVERSION = YES_AGGRESSIVE;
				CLANG_CXX_LANGUAGE_STANDARD = "gnu++14";
				CLANG_CXX_LIBRARY = "libc++";
				CLANG_ENABLE_MODULES = YES;
				CLANG_ENABLE_OBJC_ARC = YES;
				CLANG_ENABLE_OBJC_WEAK = YES;
				CLANG_WARN_BLOCK_CAPTURE_AUTORELEASING = YES;
				CLANG_WARN_BOOL_CONVERSION = YES;
				CLANG_WARN_COMMA = YES;
				CLANG_WARN_CONSTANT_CONVERSION = YES;
				CLANG_WARN_DEPRECATED_OBJC_IMPLEMENTATIONS = YES;
				CLANG_WARN_DIRECT_OBJC_ISA_USAGE = YES_ERROR;
				CLANG_WARN_DOCUMENTATION_COMMENTS = YES;
				CLANG_WARN_EMPTY_BODY = YES;
				CLANG_WARN_ENUM_CONVERSION = YES;
				CLANG_WARN_INFINITE_RECURSION = YES;
				CLANG_WARN_INT_CONVERSION = YES;
				CLANG_WARN_NON_LITERAL_NULL_CONVERSION = YES;
				CLANG_WARN_OBJC_IMPLICIT_RETAIN_SELF = YES;
				CLANG_WARN_OBJC_LITERAL_CONVERSION = YES;
				CLANG_WARN_OBJC_ROOT_CLASS = YES_ERROR;
				CLANG_WARN_RANGE_LOOP_ANALYSIS = YES;
				CLANG_WARN_STRICT_PROTOTYPES = YES;
				CLANG_WARN_SUSPICIOUS_MOVE = YES;
				CLANG_WARN_UNGUARDED_AVAILABILITY = YES_AGGRESSIVE;
				CLANG_WARN_UNREACHABLE_CODE = YES;
				CLANG_WARN__DUPLICATE_METHOD_MATCH = YES;
				COPY_PHASE_STRIP = NO;
				DEBUG_INFORMATION_FORMAT = "dwarf-with-dsym";
				ENABLE_NS_ASSERTIONS = NO;
				ENABLE_STRICT_OBJC_MSGSEND = YES;
				GCC_C_LANGUAGE_STANDARD = gnu11;
				GCC_NO_COMMON_BLOCKS = YES;
				GCC_WARN_64_TO_32_BIT_CONVERSION = YES;
				GCC_WARN_ABOUT_RETURN_TYPE = YES_ERROR;
				GCC_WARN_UNDECLARED_SELECTOR = YES;
				GCC_WARN_UNINITIALIZED_AUTOS = YES_AGGRESSIVE;
				GCC_WARN_UNUSED_FUNCTION = YES;
				GCC_WARN_UNUSED_VARIABLE = YES;
				MACOSX_DEPLOYMENT_TARGET = 10.12;
				MTL_ENABLE_DEBUG_INFO = NO;
				MTL_FAST_MATH = YES;
				SDKROOT = macosx;
				SWIFT_COMPILATION_MODE = wholemodule;
				SWIFT_OPTIMIZATION_LEVEL = "-O";
			};
			name = Release;
		};
		E380F2712331806500640547 /* Debug */ = {
			isa = XCBuildConfiguration;
			buildSettings = {
				ASSETCATALOG_COMPILER_APPICON_NAME = AppIcon;
				CODE_SIGN_ENTITLEMENTS = "Vimari Extension/Vimari_Extension.entitlements";
				CODE_SIGN_IDENTITY = "Mac Developer";
				CODE_SIGN_STYLE = Automatic;
				DEVELOPMENT_TEAM = Y48UDGWSSQ;
				ENABLE_HARDENED_RUNTIME = YES;
				INFOPLIST_FILE = "Vimari Extension/Info.plist";
				LD_RUNPATH_SEARCH_PATHS = (
					"$(inherited)",
					"@executable_path/../Frameworks",
					"@executable_path/../../../../Frameworks",
				);
				PRODUCT_BUNDLE_IDENTIFIER = "net.televator.Vimari-Extension";
				PRODUCT_NAME = "$(TARGET_NAME)";
				PROVISIONING_PROFILE_SPECIFIER = "";
				SKIP_INSTALL = YES;
				SWIFT_VERSION = 5.0;
			};
			name = Debug;
		};
		E380F2722331806500640547 /* Release */ = {
			isa = XCBuildConfiguration;
			buildSettings = {
				ASSETCATALOG_COMPILER_APPICON_NAME = AppIcon;
				CODE_SIGN_ENTITLEMENTS = "Vimari Extension/Vimari_Extension.entitlements";
				CODE_SIGN_IDENTITY = "Mac Developer";
				CODE_SIGN_STYLE = Automatic;
				DEVELOPMENT_TEAM = Y48UDGWSSQ;
				ENABLE_HARDENED_RUNTIME = YES;
				INFOPLIST_FILE = "Vimari Extension/Info.plist";
				LD_RUNPATH_SEARCH_PATHS = (
					"$(inherited)",
					"@executable_path/../Frameworks",
					"@executable_path/../../../../Frameworks",
				);
				PRODUCT_BUNDLE_IDENTIFIER = "net.televator.Vimari-Extension";
				PRODUCT_NAME = "$(TARGET_NAME)";
				PROVISIONING_PROFILE_SPECIFIER = "";
				SKIP_INSTALL = YES;
				SWIFT_VERSION = 5.0;
			};
			name = Release;
		};
		E380F2752331806500640547 /* Debug */ = {
			isa = XCBuildConfiguration;
			buildSettings = {
				ALWAYS_EMBED_SWIFT_STANDARD_LIBRARIES = YES;
				ASSETCATALOG_COMPILER_APPICON_NAME = AppIcon;
				CODE_SIGN_ENTITLEMENTS = Vimari/Vimari.entitlements;
				CODE_SIGN_IDENTITY = "Mac Developer";
				CODE_SIGN_STYLE = Automatic;
				COMBINE_HIDPI_IMAGES = YES;
				DEVELOPMENT_TEAM = Y48UDGWSSQ;
				ENABLE_HARDENED_RUNTIME = YES;
				INFOPLIST_FILE = Vimari/Info.plist;
				LD_RUNPATH_SEARCH_PATHS = (
					"$(inherited)",
					"@executable_path/../Frameworks",
				);
				PRODUCT_BUNDLE_IDENTIFIER = net.televator.Vimari;
				PRODUCT_NAME = "$(TARGET_NAME)";
				PROVISIONING_PROFILE_SPECIFIER = "";
				SWIFT_VERSION = 5.0;
			};
			name = Debug;
		};
		E380F2762331806500640547 /* Release */ = {
			isa = XCBuildConfiguration;
			buildSettings = {
				ALWAYS_EMBED_SWIFT_STANDARD_LIBRARIES = YES;
				ASSETCATALOG_COMPILER_APPICON_NAME = AppIcon;
				CODE_SIGN_ENTITLEMENTS = Vimari/Vimari.entitlements;
				CODE_SIGN_IDENTITY = "Mac Developer";
				CODE_SIGN_STYLE = Automatic;
				COMBINE_HIDPI_IMAGES = YES;
				DEVELOPMENT_TEAM = Y48UDGWSSQ;
				ENABLE_HARDENED_RUNTIME = YES;
				INFOPLIST_FILE = Vimari/Info.plist;
				LD_RUNPATH_SEARCH_PATHS = (
					"$(inherited)",
					"@executable_path/../Frameworks",
				);
				PRODUCT_BUNDLE_IDENTIFIER = net.televator.Vimari;
				PRODUCT_NAME = "$(TARGET_NAME)";
				PROVISIONING_PROFILE_SPECIFIER = "";
				SWIFT_VERSION = 5.0;
			};
			name = Release;
		};
/* End XCBuildConfiguration section */

/* Begin XCConfigurationList section */
		E380F2412331806400640547 /* Build configuration list for PBXProject "Vimari" */ = {
			isa = XCConfigurationList;
			buildConfigurations = (
				E380F26E2331806500640547 /* Debug */,
				E380F26F2331806500640547 /* Release */,
			);
			defaultConfigurationIsVisible = 0;
			defaultConfigurationName = Release;
		};
		E380F2702331806500640547 /* Build configuration list for PBXNativeTarget "Vimari Extension" */ = {
			isa = XCConfigurationList;
			buildConfigurations = (
				E380F2712331806500640547 /* Debug */,
				E380F2722331806500640547 /* Release */,
			);
			defaultConfigurationIsVisible = 0;
			defaultConfigurationName = Release;
		};
		E380F2742331806500640547 /* Build configuration list for PBXNativeTarget "Vimari" */ = {
			isa = XCConfigurationList;
			buildConfigurations = (
				E380F2752331806500640547 /* Debug */,
				E380F2762331806500640547 /* Release */,
			);
			defaultConfigurationIsVisible = 0;
			defaultConfigurationName = Release;
		};
/* End XCConfigurationList section */
	};
	rootObject = E380F23E2331806400640547 /* Project object */;
}
